
Microsoft Visual Studio Solution File, Format Version 12.00
# Visual Studio Version 17
VisualStudioVersion = 17.14.36301.6 d17.14
MinimumVisualStudioVersion = 10.0.40219.1
Project("{FAE04EC0-301F-11D3-BF4B-00C04F79EFBC}") = "DynamicModelApi", "DynamicModelApi\DynamicModelApi.csproj", "{31AF8142-2437-4344-9FC5-AD4996C76B57}"
EndProject
Project("{FAE04EC0-301F-11D3-BF4B-00C04F79EFBC}") = "DynamicData", "DynamicData\DynamicData.csproj", "{47C0E46C-FD97-4825-B3A8-1BFEBE7D4BD3}"
EndProject
Global
	GlobalSection(SolutionConfigurationPlatforms) = preSolution
		Debug|Any CPU = Debug|Any CPU
		Release|Any CPU = Release|Any CPU
	EndGlobalSection
	GlobalSection(ProjectConfigurationPlatforms) = postSolution
		{31AF8142-2437-4344-9FC5-AD4996C76B57}.Debug|Any CPU.ActiveCfg = Debug|Any CPU
		{31AF8142-2437-4344-9FC5-AD4996C76B57}.Debug|Any CPU.Build.0 = Debug|Any CPU
		{31AF8142-2437-4344-9FC5-AD4996C76B57}.Release|Any CPU.ActiveCfg = Release|Any CPU
		{31AF8142-2437-4344-9FC5-AD4996C76B57}.Release|Any CPU.Build.0 = Release|Any CPU
		{47C0E46C-FD97-4825-B3A8-1BFEBE7D4BD3}.Debug|Any CPU.ActiveCfg = Debug|Any CPU
		{47C0E46C-FD97-4825-B3A8-1BFEBE7D4BD3}.Debug|Any CPU.Build.0 = Debug|Any CPU
		{47C0E46C-FD97-4825-B3A8-1BFEBE7D4BD3}.Release|Any CPU.ActiveCfg = Release|Any CPU
		{47C0E46C-FD97-4825-B3A8-1BFEBE7D4BD3}.Release|Any CPU.Build.0 = Release|Any CPU
	EndGlobalSection
	GlobalSection(SolutionProperties) = preSolution
		HideSolutionNode = FALSE
	EndGlobalSection
	GlobalSection(ExtensibilityGlobals) = postSolution
		SolutionGuid = {5BA75BF9-554A-4911-91A0-EE8ABC1A9E6F}
	EndGlobalSection
EndGlobal
